
Microsoft Visual Studio Solution File, Format Version 12.00
# Visual Studio 15
VisualStudioVersion = 15.0.28307.421
MinimumVisualStudioVersion = 10.0.40219.1
Project("{FAE04EC0-301F-11D3-BF4B-00C04F79EFBC}") = "singleton", "singleton\singleton.csproj", "{AC1F7389-18BC-491F-8B1A-21B50B9FC6FA}"
EndProject
Global
	GlobalSection(SolutionConfigurationPlatforms) = preSolution
		Debug|Any CPU = Debug|Any CPU
		Release|Any CPU = Release|Any CPU
	EndGlobalSection
	GlobalSection(ProjectConfigurationPlatforms) = postSolution
		{AC1F7389-18BC-491F-8B1A-21B50B9FC6FA}.Debug|Any CPU.ActiveCfg = Debug|Any CPU
		{AC1F7389-18BC-491F-8B1A-21B50B9FC6FA}.Debug|Any CPU.Build.0 = Debug|Any CPU
		{AC1F7389-18BC-491F-8B1A-21B50B9FC6FA}.Release|Any CPU.ActiveCfg = Release|Any CPU
		{AC1F7389-18BC-491F-8B1A-21B50B9FC6FA}.Release|Any CPU.Build.0 = Release|Any CPU
	EndGlobalSection
	GlobalSection(SolutionProperties) = preSolution
		HideSolutionNode = FALSE
	EndGlobalSection
	GlobalSection(ExtensibilityGlobals) = postSolution
		SolutionGuid = {064D957E-5F42-491C-A3AF-982D7DB1580C}
	EndGlobalSection
EndGlobal
